
Microsoft Visual Studio Solution File, Format Version 12.00
# Visual Studio Version 17
VisualStudioVersion = 17.3.32929.385
MinimumVisualStudioVersion = 10.0.40219.1
Project("{778DAE3C-4631-46EA-AA77-85C1314464D9}") = "Move Generator", "Move Generator\Move Generator.vbproj", "{6DA86A01-873D-4ED3-A579-A85F45969DFE}"
EndProject
Project("{930C7802-8A8C-48F9-8165-68863BCCD9DD}") = "Setup", "Setup\Setup.wixproj", "{F9717698-4157-4055-A5E7-312267E76CFB}"
EndProject
Global
	GlobalSection(SolutionConfigurationPlatforms) = preSolution
		Debug|Any CPU = Debug|Any CPU
		Debug|x86 = Debug|x86
		Release|Any CPU = Release|Any CPU
		Release|x86 = Release|x86
	EndGlobalSection
	GlobalSection(ProjectConfigurationPlatforms) = postSolution
		{6DA86A01-873D-4ED3-A579-A85F45969DFE}.Debug|Any CPU.ActiveCfg = Debug|Any CPU
		{6DA86A01-873D-4ED3-A579-A85F45969DFE}.Debug|Any CPU.Build.0 = Debug|Any CPU
		{6DA86A01-873D-4ED3-A579-A85F45969DFE}.Debug|x86.ActiveCfg = Debug|Any CPU
		{6DA86A01-873D-4ED3-A579-A85F45969DFE}.Debug|x86.Build.0 = Debug|Any CPU
		{6DA86A01-873D-4ED3-A579-A85F45969DFE}.Release|Any CPU.ActiveCfg = Release|Any CPU
		{6DA86A01-873D-4ED3-A579-A85F45969DFE}.Release|Any CPU.Build.0 = Release|Any CPU
		{6DA86A01-873D-4ED3-A579-A85F45969DFE}.Release|x86.ActiveCfg = Release|Any CPU
		{6DA86A01-873D-4ED3-A579-A85F45969DFE}.Release|x86.Build.0 = Release|Any CPU
		{F9717698-4157-4055-A5E7-312267E76CFB}.Debug|Any CPU.ActiveCfg = Debug|x86
		{F9717698-4157-4055-A5E7-312267E76CFB}.Debug|Any CPU.Build.0 = Debug|x86
		{F9717698-4157-4055-A5E7-312267E76CFB}.Debug|x86.ActiveCfg = Debug|x86
		{F9717698-4157-4055-A5E7-312267E76CFB}.Debug|x86.Build.0 = Debug|x86
		{F9717698-4157-4055-A5E7-312267E76CFB}.Release|Any CPU.ActiveCfg = Release|x86
		{F9717698-4157-4055-A5E7-312267E76CFB}.Release|Any CPU.Build.0 = Release|x86
		{F9717698-4157-4055-A5E7-312267E76CFB}.Release|x86.ActiveCfg = Release|x86
		{F9717698-4157-4055-A5E7-312267E76CFB}.Release|x86.Build.0 = Release|x86
	EndGlobalSection
	GlobalSection(SolutionProperties) = preSolution
		HideSolutionNode = FALSE
	EndGlobalSection
	GlobalSection(ExtensibilityGlobals) = postSolution
		SolutionGuid = {B945C8B9-3327-4C31-8957-7A15A2E974D5}
	EndGlobalSection
EndGlobal
